
Microsoft Visual Studio Solution File, Format Version 12.00
# Visual Studio Version 16
VisualStudioVersion = 16.0.30907.101
MinimumVisualStudioVersion = 10.0.40219.1
Project("{F184B08F-C81C-45F6-A57F-5ABD9991F28F}") = "Projeto Galo_Aderito_Samuel_Tiago Gomes", "Projeto Galo_Aderito_Samuel_Tiago Gomes.vbproj", "{0FFBA365-053A-49CA-89E2-89894205EBFD}"
EndProject
Global
	GlobalSection(SolutionConfigurationPlatforms) = preSolution
		Debug|Any CPU = Debug|Any CPU
		Release|Any CPU = Release|Any CPU
	EndGlobalSection
	GlobalSection(ProjectConfigurationPlatforms) = postSolution
		{0FFBA365-053A-49CA-89E2-89894205EBFD}.Debug|Any CPU.ActiveCfg = Debug|Any CPU
		{0FFBA365-053A-49CA-89E2-89894205EBFD}.Debug|Any CPU.Build.0 = Debug|Any CPU
		{0FFBA365-053A-49CA-89E2-89894205EBFD}.Release|Any CPU.ActiveCfg = Release|Any CPU
		{0FFBA365-053A-49CA-89E2-89894205EBFD}.Release|Any CPU.Build.0 = Release|Any CPU
	EndGlobalSection
	GlobalSection(SolutionProperties) = preSolution
		HideSolutionNode = FALSE
	EndGlobalSection
	GlobalSection(ExtensibilityGlobals) = postSolution
		SolutionGuid = {0BE16AC5-8907-4540-B244-76338BA8CA3B}
	EndGlobalSection
EndGlobal
